PODS:
  - Alamofire (4.7.2)
  - ObjectMapper (3.1.0)
  - SwiftyJSON (4.1.0)

DEPENDENCIES:
  - Alamofire
  - ObjectMapper
  - SwiftyJSON

SPEC REPOS:
  https://github.com/cocoapods/specs.git:
    - Alamofire
    - ObjectMapper
    - SwiftyJSON

SPEC CHECKSUMS:
  Alamofire: e4fa87002c137ba2d8d634d2c51fabcda0d5c223
  ObjectMapper: 20505058f54e5c3ca69e1d6de9897d152a5369a6
  SwiftyJSON: c29297daf073d2aa016295d5809cdd68045c39b3

PODFILE CHECKSUM: 00b189a97a52457064b913ada8b23dabd46eb256

COCOAPODS: 1.5.2
